Microsoft Visual Studio Solution File, Format Version 12.00
# Visual Studio Version 17
VisualStudioVersion = 17.5.2.0
MinimumVisualStudioVersion = 10.0.40219.1
Project("{FAE04EC0-301F-11D3-BF4B-00C04F79EFBC}") = "TOSApi", "TOSApi.csproj", "{3E5BEF87-7CD6-D00A-F6F4-8CD9D307CB94}"
EndProject
Global
	GlobalSection(SolutionConfigurationPlatforms) = preSolution
		Debug|Any CPU = Debug|Any CPU
		Release|Any CPU = Release|Any CPU
	EndGlobalSection
	GlobalSection(ProjectConfigurationPlatforms) = postSolution
		{3E5BEF87-7CD6-D00A-F6F4-8CD9D307CB94}.Debug|Any CPU.ActiveCfg = Debug|Any CPU
		{3E5BEF87-7CD6-D00A-F6F4-8CD9D307CB94}.Debug|Any CPU.Build.0 = Debug|Any CPU
		{3E5BEF87-7CD6-D00A-F6F4-8CD9D307CB94}.Release|Any CPU.ActiveCfg = Release|Any CPU
		{3E5BEF87-7CD6-D00A-F6F4-8CD9D307CB94}.Release|Any CPU.Build.0 = Release|Any CPU
	EndGlobalSection
	GlobalSection(SolutionProperties) = preSolution
		HideSolutionNode = FALSE
	EndGlobalSection
	GlobalSection(ExtensibilityGlobals) = postSolution
		SolutionGuid = {C413E85C-7BAD-4E95-B199-E552E5981C0F}
	EndGlobalSection
EndGlobal
